// !$*UTF8*$!
{
	archiveVersion = 1;
	classes = {
	};
	objectVersion = 77;
	objects = {

/* Begin PBXBuildFile section */
		003C9A3D8089003E342A1191 /* MealTextCleaner.swift in Sources */ = {isa = PBXBuildFile; fileRef = 95069F5AA1EB813187782FDD /* MealTextCleaner.swift */; };
		00F372B9E18891A954A570D4 /* SchoolEndpoint.swift in Sources */ = {isa = PBXBuildFile; fileRef = 64338BD1749383E92C059C18 /* SchoolEndpoint.swift */; };
		01B7DED102764DB88E44CE82 /* MealServiceCalendar.swift in Sources */ = {isa = PBXBuildFile; fileRef = 348C35E5AC1D5D051EDD42B6 /* MealServiceCalendar.swift */; };
		01F3892436654810DA57CB55 /* SchoolIdentity.swift in Sources */ = {isa = PBXBuildFile; fileRef = A7B8446554C370B15F4AC8C6 /* SchoolIdentity.swift */; };
		02F6763C7A9F63E989B47870 /* SchoolRepository.swift in Sources */ = {isa = PBXBuildFile; fileRef = 7CA535F197D82441688BA9B8 /* SchoolRepository.swift */; };
		03DFD2C12018575F320766DA /* Assets.xcassets in Resources */ = {isa = PBXBuildFile; fileRef = 11F00F8E82436941EBCA94A9 /* Assets.xcassets */; };
		04095448E61BAF6266A77B71 /* SchoolDate.swift in Sources */ = {isa = PBXBuildFile; fileRef = 5FBDDAE8F3C34D902AA8A8B2 /* SchoolDate.swift */; };
		065400C6834E435E60E72F92 /* ClockFormat.swift in Sources */ = {isa = PBXBuildFile; fileRef = FD7375A0C495CEF4854981B9 /* ClockFormat.swift */; };
		0D4961AC9EB5251C28AD4CDA /* TimetableDTO.swift in Sources */ = {isa = PBXBuildFile; fileRef = 04CC78F9DA570C300422ECC5 /* TimetableDTO.swift */; };
		0E4483A6C60E43E060CB5300 /* Metrics.swift in Sources */ = {isa = PBXBuildFile; fileRef = 71C8087D10251D7384F2E7F0 /* Metrics.swift */; };
		14F5236550F98BC1E063BE99 /* SchoolLocale.swift in Sources */ = {isa = PBXBuildFile; fileRef = AC76821B7EB63E640991EAFF /* SchoolLocale.swift */; };
		1B784FAC60EA215C90E48DE9 /* MealProvider.swift in Sources */ = {isa = PBXBuildFile; fileRef = CB6ACDB0320A36FFA0B60A4D /* MealProvider.swift */; };
		1D33C0B75CDD40C4DB5862BF /* Lesson.swift in Sources */ = {isa = PBXBuildFile; fileRef = AA96C3D9DDC6AC251599043A /* Lesson.swift */; };
		203FCE1521201CA3313326BB /* DeepLink.swift in Sources */ = {isa = PBXBuildFile; fileRef = 52107D962D8D7345EE96594D /* DeepLink.swift */; };
		256CBE8212E9C6C30CB6B592 /* MealDTO.swift in Sources */ = {isa = PBXBuildFile; fileRef = 55F0CFF7F9E6740702D9B9E5 /* MealDTO.swift */; };
		2F5C49DE0F2EB70F74C35B34 /* Snapshots.swift in Sources */ = {isa = PBXBuildFile; fileRef = 33A9E573F01BD081A961ED2C /* Snapshots.swift */; };
		33D38BF6C3D1092A0C8C90D2 /* Palette.swift in Sources */ = {isa = PBXBuildFile; fileRef = FDCCDA3EE0F36996F63192F0 /* Palette.swift */; };
		3508778DDBD624B536A2D80E /* Meal.swift in Sources */ = {isa = PBXBuildFile; fileRef = D47EA31647C2D1D2F2EE2A5D /* Meal.swift */; };
		351DD99759466B346B796D35 /* RootView.swift in Sources */ = {isa = PBXBuildFile; fileRef = E9151483151DBA9C482733CA /* RootView.swift */; };
		35BDC8DFA96D73FAC76C07B2 /* TimetableScreen.swift in Sources */ = {isa = PBXBuildFile; fileRef = 4835C74160CC3241201753D7 /* TimetableScreen.swift */; };
		362AF8CDB8C86D250942DF86 /* MealDTO.swift in Sources */ = {isa = PBXBuildFile; fileRef = 55F0CFF7F9E6740702D9B9E5 /* MealDTO.swift */; };
		38C3887084E504B0331D1FCA /* MealsScreen.swift in Sources */ = {isa = PBXBuildFile; fileRef = BB748F5AF25C966F00E785CE /* MealsScreen.swift */; };
		3E5ABE6EA4C6D9A0CB23CE16 /* MealServiceCalendar.swift in Sources */ = {isa = PBXBuildFile; fileRef = 348C35E5AC1D5D051EDD42B6 /* MealServiceCalendar.swift */; };
		3FCBBE89484F1C0DFDE9755C /* BellSchedule.swift in Sources */ = {isa = PBXBuildFile; fileRef = 0C4BCC330EE2C1BA22BE0F16 /* BellSchedule.swift */; };
		409E92AD40605C0E1F3CC13C /* DayIndicator.swift in Sources */ = {isa = PBXBuildFile; fileRef = A45400F46802DBBF3119C55C /* DayIndicator.swift */; };
		4128952EFB3E31CF8267ABA0 /* NextLessonWidget.swift in Sources */ = {isa = PBXBuildFile; fileRef = EBC7389201879B86164FFD06 /* NextLessonWidget.swift */; };
		41779272C8EF958B8FE14FE7 /* MealWidget.swift in Sources */ = {isa = PBXBuildFile; fileRef = 31F8040715BE0714668006B1 /* MealWidget.swift */; };
		44900FE4D039F79D1AF0CD43 /* TimetableElement.swift in Sources */ = {isa = PBXBuildFile; fileRef = 4CE870852408B805E268A8F6 /* TimetableElement.swift */; };
		4DAFB5E8DBCFE638427E9452 /* Typography.swift in Sources */ = {isa = PBXBuildFile; fileRef = 180945E8C8C0E39C0ACBD9C0 /* Typography.swift */; };
		50015739B843ED6A554852DA /* SchoolWeek.swift in Sources */ = {isa = PBXBuildFile; fileRef = 4FF7BEB23B27DBBAFFE9B5F1 /* SchoolWeek.swift */; };
		51F66143B6A1687226D97DF6 /* SchoolStore.swift in Sources */ = {isa = PBXBuildFile; fileRef = 4BD5E333AC386606434CDA0D /* SchoolStore.swift */; };
		53EA1B826B38625EFD70B109 /* TimetableDTO.swift in Sources */ = {isa = PBXBuildFile; fileRef = 04CC78F9DA570C300422ECC5 /* TimetableDTO.swift */; };
		543FCACF3F0B43894CA9BA85 /* ClockFormat.swift in Sources */ = {isa = PBXBuildFile; fileRef = FD7375A0C495CEF4854981B9 /* ClockFormat.swift */; };
		5E4FF4E25189452837915FC8 /* Meal.swift in Sources */ = {isa = PBXBuildFile; fileRef = D47EA31647C2D1D2F2EE2A5D /* Meal.swift */; };
		5E5201858B6CBCD05DC30AAB /* Lesson.swift in Sources */ = {isa = PBXBuildFile; fileRef = AA96C3D9DDC6AC251599043A /* Lesson.swift */; };
		5F31F3115E6B0AE26354C850 /* SchoolLocale.swift in Sources */ = {isa = PBXBuildFile; fileRef = AC76821B7EB63E640991EAFF /* SchoolLocale.swift */; };
		62505200905387DE746B96BA /* DayIndicator.swift in Sources */ = {isa = PBXBuildFile; fileRef = A45400F46802DBBF3119C55C /* DayIndicator.swift */; };
		645913C4077E2486F608E06B /* MealTextCleaner.swift in Sources */ = {isa = PBXBuildFile; fileRef = 95069F5AA1EB813187782FDD /* MealTextCleaner.swift */; };
		7128BD83DF5E05C4FC8818DA /* TimetableEmptyState.swift in Sources */ = {isa = PBXBuildFile; fileRef = 7919AACD95B74408027BB087 /* TimetableEmptyState.swift */; };
		7224CF2B023504823C07950D /* SnapshotStorage.swift in Sources */ = {isa = PBXBuildFile; fileRef = 90E33D83A6BED4DD302090DC /* SnapshotStorage.swift */; };
		82AC25BD66F7F7F18C6FB74F /* LessonRow.swift in Sources */ = {isa = PBXBuildFile; fileRef = 03ECCDAE1A46C462304A0078 /* LessonRow.swift */; };
		88576BED735D508F54445006 /* NowMarkers.swift in Sources */ = {isa = PBXBuildFile; fileRef = 21BEAF28023BBD35C6A39A87 /* NowMarkers.swift */; };
		8A27F966A1F4732391E523B1 /* SchoolAPI.swift in Sources */ = {isa = PBXBuildFile; fileRef = 50823030D7E8FF5193348BBD /* SchoolAPI.swift */; };
		8D99C1785E3C15675C0140DB /* DeepLink.swift in Sources */ = {isa = PBXBuildFile; fileRef = 52107D962D8D7345EE96594D /* DeepLink.swift */; };
		8FB517256C930199FA37D6DF /* NextLessonView.swift in Sources */ = {isa = PBXBuildFile; fileRef = 355AC1DEDB865C077E13B2E4 /* NextLessonView.swift */; };
		957685099D2DD32A7719BA84 /* MealPresentationTests.swift in Sources */ = {isa = PBXBuildFile; fileRef = 388BD1CC5008C31F74DD4C9E /* MealPresentationTests.swift */; };
		98125B8E78ABEB40F6DE5C8A /* SchoolIdentity.swift in Sources */ = {isa = PBXBuildFile; fileRef = A7B8446554C370B15F4AC8C6 /* SchoolIdentity.swift */; };
		9D11A381740056B641BD36BD /* SchoolClock.swift in Sources */ = {isa = PBXBuildFile; fileRef = 4716679A0A1544E74C10C29A /* SchoolClock.swift */; };
		9E5549FFE951EA3EC1EB9BEC /* SchoolAPI.swift in Sources */ = {isa = PBXBuildFile; fileRef = 50823030D7E8FF5193348BBD /* SchoolAPI.swift */; };
		9FC109A3AD1BAADAAF637E96 /* NextLessonEntry.swift in Sources */ = {isa = PBXBuildFile; fileRef = E2855B33288F2C317D5784E6 /* NextLessonEntry.swift */; };
		A0A5E9E80B9A954BA373BEC9 /* Palette.swift in Sources */ = {isa = PBXBuildFile; fileRef = FDCCDA3EE0F36996F63192F0 /* Palette.swift */; };
		A212A0593B84C88B4D6962DC /* DayHeader.swift in Sources */ = {isa = PBXBuildFile; fileRef = A306BD31C6680F8551A5A7AC /* DayHeader.swift */; };
		A590C635FD99DDAEC4C04CA9 /* MealHeader.swift in Sources */ = {isa = PBXBuildFile; fileRef = 7C2079D183F2D3AA565370F6 /* MealHeader.swift */; };
		A70402F1F2756FFD27706E46 /* SnapshotStorage.swift in Sources */ = {isa = PBXBuildFile; fileRef = 90E33D83A6BED4DD302090DC /* SnapshotStorage.swift */; };
		ACB68C60E563F589443F6860 /* NextLessonProvider.swift in Sources */ = {isa = PBXBuildFile; fileRef = 503D98E8F86198B45B0CE72D /* NextLessonProvider.swift */; };
		AE022AD59D67906341ED9FB9 /* APIErrorEnvelope.swift in Sources */ = {isa = PBXBuildFile; fileRef = DB028BFB25DBDF182C73350F /* APIErrorEnvelope.swift */; };
		B57DD1E6CD8DF9988C76E8A8 /* Assets.xcassets in Resources */ = {isa = PBXBuildFile; fileRef = 2A1DD91B7246EC3BCA98FB29 /* Assets.xcassets */; };
		BE28E57A0DA6EB2BDC657E54 /* MealPage.swift in Sources */ = {isa = PBXBuildFile; fileRef = E04D4C41B50033DE8E049F5F /* MealPage.swift */; };
		C0699DA76EC937EA3711C402 /* TimetableScrollTargetTests.swift in Sources */ = {isa = PBXBuildFile; fileRef = 4BCD7633B68E20D710099098 /* TimetableScrollTargetTests.swift */; };
		C176AAA1F0FB74D06B6748B3 /* MealWidgetView.swift in Sources */ = {isa = PBXBuildFile; fileRef = 94C8A1331893741C5DA71DC6 /* MealWidgetView.swift */; };
		C3A107AEF47C1B9A645CB06C /* BellSchedule.swift in Sources */ = {isa = PBXBuildFile; fileRef = 0C4BCC330EE2C1BA22BE0F16 /* BellSchedule.swift */; };
		C543F8664AD61BDFFDDC2C0E /* SchoolEndpoint.swift in Sources */ = {isa = PBXBuildFile; fileRef = 64338BD1749383E92C059C18 /* SchoolEndpoint.swift */; };
		C5E0E8B18A9A9CA2FC500AC0 /* SchoolDate.swift in Sources */ = {isa = PBXBuildFile; fileRef = 5FBDDAE8F3C34D902AA8A8B2 /* SchoolDate.swift */; };
		C67D87452514889E8A0FDD60 /* Metrics.swift in Sources */ = {isa = PBXBuildFile; fileRef = 71C8087D10251D7384F2E7F0 /* Metrics.swift */; };
		C939C681869421B17FD30A90 /* SchoolSchedule.swift in Sources */ = {isa = PBXBuildFile; fileRef = 47C74FAE6E784C3D5981A7C2 /* SchoolSchedule.swift */; };
		CA0126A49D433CEE152B768C /* SchoolClock.swift in Sources */ = {isa = PBXBuildFile; fileRef = 4716679A0A1544E74C10C29A /* SchoolClock.swift */; };
		CCB946F22B890DB0C6E62986 /* MealEntry.swift in Sources */ = {isa = PBXBuildFile; fileRef = E750F9B835B75827441A0C76 /* MealEntry.swift */; };
		CCC8FA8CC6B377056B608D9D /* SchoolRepository.swift in Sources */ = {isa = PBXBuildFile; fileRef = 7CA535F197D82441688BA9B8 /* SchoolRepository.swift */; };
		CDA0E5DBD80A7CD2E3807A3D /* SchoolSchedule.swift in Sources */ = {isa = PBXBuildFile; fileRef = 47C74FAE6E784C3D5981A7C2 /* SchoolSchedule.swift */; };
		D0948E7961307AAD65C33524 /* TimeforSchoolWidgets.appex in Embed Foundation Extensions */ = {isa = PBXBuildFile; fileRef = DD9B185B7B7ABA62885FBA55 /* TimeforSchoolWidgets.appex */; settings = {ATTRIBUTES = (RemoveHeadersOnCopy, ); }; };
		D10DFE36F7EEC9F4E75DE294 /* Snapshots.swift in Sources */ = {isa = PBXBuildFile; fileRef = 33A9E573F01BD081A961ED2C /* Snapshots.swift */; };
		D97D5809197132BECD036445 /* APIErrorEnvelope.swift in Sources */ = {isa = PBXBuildFile; fileRef = DB028BFB25DBDF182C73350F /* APIErrorEnvelope.swift */; };
		E0AFBD9D520ADFE513757A92 /* Typography.swift in Sources */ = {isa = PBXBuildFile; fileRef = 180945E8C8C0E39C0ACBD9C0 /* Typography.swift */; };
		E37378177C3E889596DED8AF /* TimetableList.swift in Sources */ = {isa = PBXBuildFile; fileRef = 62DC07D5C6EBE30882EB9BB6 /* TimetableList.swift */; };
		E6EB06526F86E141CDD30387 /* TimeforSchoolApp.swift in Sources */ = {isa = PBXBuildFile; fileRef = 2C84393891CF144640514730 /* TimeforSchoolApp.swift */; };
		E9BC022AA195F535D23556D7 /* TimeforSchool.icon in Resources */ = {isa = PBXBuildFile; fileRef = 8C9B35A38ECA7391A8E4B1A3 /* TimeforSchool.icon */; };
		EBAB5E47CAB70B862BF270F3 /* AdvisoryMarks.swift in Sources */ = {isa = PBXBuildFile; fileRef = EB7E3092B0D4C50CFB5C28A3 /* AdvisoryMarks.swift */; };
		F85873EC1058FE0F4FE5EFA0 /* TimeforSchoolWidgetBundle.swift in Sources */ = {isa = PBXBuildFile; fileRef = CB862E7AA4501AE6757C8D47 /* TimeforSchoolWidgetBundle.swift */; };
		FBF7F2248F6AFB346D1A8BAD /* SchoolWeek.swift in Sources */ = {isa = PBXBuildFile; fileRef = 4FF7BEB23B27DBBAFFE9B5F1 /* SchoolWeek.swift */; };
		FED0851531F5F79CD2ECA18D /* BellScheduleTests.swift in Sources */ = {isa = PBXBuildFile; fileRef = BB1C3EB84500654159FDF4B1 /* BellScheduleTests.swift */; };
/* End PBXBuildFile section */

/* Begin PBXContainerItemProxy section */
		6F52ADD027871559F9FAD4DB /* PBXContainerItemProxy */ = {
			isa = PBXContainerItemProxy;
			containerPortal = 2C33270496C535DA91C7CB38 /* Project object */;
			proxyType = 1;
			remoteGlobalIDString = 3E59E3E0DE89FC83C1EAEFE0;
			remoteInfo = TimeforSchool;
		};
		7D47FAF7F6038AB689CFEC16 /* PBXContainerItemProxy */ = {
			isa = PBXContainerItemProxy;
			containerPortal = 2C33270496C535DA91C7CB38 /* Project object */;
			proxyType = 1;
			remoteGlobalIDString = 8A7A05033A2AC497F3611B8C;
			remoteInfo = TimeforSchoolWidgets;
		};
/* End PBXContainerItemProxy section */

/* Begin PBXCopyFilesBuildPhase section */
		9AF11846C2C8EB9FCE6100F8 /* Embed Foundation Extensions */ = {
			isa = PBXCopyFilesBuildPhase;
			buildActionMask = 2147483647;
			dstPath = "";
			dstSubfolderSpec = 13;
			files = (
				D0948E7961307AAD65C33524 /* TimeforSchoolWidgets.appex in Embed Foundation Extensions */,
			);
			name = "Embed Foundation Extensions";
			runOnlyForDeploymentPostprocessing = 0;
		};
/* End PBXCopyFilesBuildPhase section */

/* Begin PBXFileReference section */
		03ECCDAE1A46C462304A0078 /* LessonRow.swift */ = {isa = PBXFileReference; lastKnownFileType = sourcecode.swift; path = LessonRow.swift; sourceTree = "<group>"; };
		04CC78F9DA570C300422ECC5 /* TimetableDTO.swift */ = {isa = PBXFileReference; lastKnownFileType = sourcecode.swift; path = TimetableDTO.swift; sourceTree = "<group>"; };
		0C4BCC330EE2C1BA22BE0F16 /* BellSchedule.swift */ = {isa = PBXFileReference; lastKnownFileType = sourcecode.swift; path = BellSchedule.swift; sourceTree = "<group>"; };
		11F00F8E82436941EBCA94A9 /* Assets.xcassets */ = {isa = PBXFileReference; lastKnownFileType = folder.assetcatalog; path = Assets.xcassets; sourceTree = "<group>"; };
		180945E8C8C0E39C0ACBD9C0 /* Typography.swift */ = {isa = PBXFileReference; lastKnownFileType = sourcecode.swift; path = Typography.swift; sourceTree = "<group>"; };
		21BEAF28023BBD35C6A39A87 /* NowMarkers.swift */ = {isa = PBXFileReference; lastKnownFileType = sourcecode.swift; path = NowMarkers.swift; sourceTree = "<group>"; };
		2A1DD91B7246EC3BCA98FB29 /* Assets.xcassets */ = {isa = PBXFileReference; lastKnownFileType = folder.assetcatalog; path = Assets.xcassets; sourceTree = "<group>"; };
		2C84393891CF144640514730 /* TimeforSchoolApp.swift */ = {isa = PBXFileReference; lastKnownFileType = sourcecode.swift; path = TimeforSchoolApp.swift; sourceTree = "<group>"; };
		31F8040715BE0714668006B1 /* MealWidget.swift */ = {isa = PBXFileReference; lastKnownFileType = sourcecode.swift; path = MealWidget.swift; sourceTree = "<group>"; };
		33A9E573F01BD081A961ED2C /* Snapshots.swift */ = {isa = PBXFileReference; lastKnownFileType = sourcecode.swift; path = Snapshots.swift; sourceTree = "<group>"; };
		348C35E5AC1D5D051EDD42B6 /* MealServiceCalendar.swift */ = {isa = PBXFileReference; lastKnownFileType = sourcecode.swift; path = MealServiceCalendar.swift; sourceTree = "<group>"; };
		355AC1DEDB865C077E13B2E4 /* NextLessonView.swift */ = {isa = PBXFileReference; lastKnownFileType = sourcecode.swift; path = NextLessonView.swift; sourceTree = "<group>"; };
		388BD1CC5008C31F74DD4C9E /* MealPresentationTests.swift */ = {isa = PBXFileReference; lastKnownFileType = sourcecode.swift; path = MealPresentationTests.swift; sourceTree = "<group>"; };
		4716679A0A1544E74C10C29A /* SchoolClock.swift */ = {isa = PBXFileReference; lastKnownFileType = sourcecode.swift; path = SchoolClock.swift; sourceTree = "<group>"; };
		47C74FAE6E784C3D5981A7C2 /* SchoolSchedule.swift */ = {isa = PBXFileReference; lastKnownFileType = sourcecode.swift; path = SchoolSchedule.swift; sourceTree = "<group>"; };
		4835C74160CC3241201753D7 /* TimetableScreen.swift */ = {isa = PBXFileReference; lastKnownFileType = sourcecode.swift; path = TimetableScreen.swift; sourceTree = "<group>"; };
		4BCD7633B68E20D710099098 /* TimetableScrollTargetTests.swift */ = {isa = PBXFileReference; lastKnownFileType = sourcecode.swift; path = TimetableScrollTargetTests.swift; sourceTree = "<group>"; };
		4BD5E333AC386606434CDA0D /* SchoolStore.swift */ = {isa = PBXFileReference; lastKnownFileType = sourcecode.swift; path = SchoolStore.swift; sourceTree = "<group>"; };
		4CE870852408B805E268A8F6 /* TimetableElement.swift */ = {isa = PBXFileReference; lastKnownFileType = sourcecode.swift; path = TimetableElement.swift; sourceTree = "<group>"; };
		4FF7BEB23B27DBBAFFE9B5F1 /* SchoolWeek.swift */ = {isa = PBXFileReference; lastKnownFileType = sourcecode.swift; path = SchoolWeek.swift; sourceTree = "<group>"; };
		503D98E8F86198B45B0CE72D /* NextLessonProvider.swift */ = {isa = PBXFileReference; lastKnownFileType = sourcecode.swift; path = NextLessonProvider.swift; sourceTree = "<group>"; };
		50823030D7E8FF5193348BBD /* SchoolAPI.swift */ = {isa = PBXFileReference; lastKnownFileType = sourcecode.swift; path = SchoolAPI.swift; sourceTree = "<group>"; };
		52107D962D8D7345EE96594D /* DeepLink.swift */ = {isa = PBXFileReference; lastKnownFileType = sourcecode.swift; path = DeepLink.swift; sourceTree = "<group>"; };
		55F0CFF7F9E6740702D9B9E5 /* MealDTO.swift */ = {isa = PBXFileReference; lastKnownFileType = sourcecode.swift; path = MealDTO.swift; sourceTree = "<group>"; };
		5FBDDAE8F3C34D902AA8A8B2 /* SchoolDate.swift */ = {isa = PBXFileReference; lastKnownFileType = sourcecode.swift; path = SchoolDate.swift; sourceTree = "<group>"; };
		62DC07D5C6EBE30882EB9BB6 /* TimetableList.swift */ = {isa = PBXFileReference; lastKnownFileType = sourcecode.swift; path = TimetableList.swift; sourceTree = "<group>"; };
		64338BD1749383E92C059C18 /* SchoolEndpoint.swift */ = {isa = PBXFileReference; lastKnownFileType = sourcecode.swift; path = SchoolEndpoint.swift; sourceTree = "<group>"; };
		6B157C729D4D01A830A1E0A1 /* TimeforSchool.app */ = {isa = PBXFileReference; explicitFileType = wrapper.application; includeInIndex = 0; path = TimeforSchool.app; sourceTree = BUILT_PRODUCTS_DIR; };
		71C8087D10251D7384F2E7F0 /* Metrics.swift */ = {isa = PBXFileReference; lastKnownFileType = sourcecode.swift; path = Metrics.swift; sourceTree = "<group>"; };
		7919AACD95B74408027BB087 /* TimetableEmptyState.swift */ = {isa = PBXFileReference; lastKnownFileType = sourcecode.swift; path = TimetableEmptyState.swift; sourceTree = "<group>"; };
		7C2079D183F2D3AA565370F6 /* MealHeader.swift */ = {isa = PBXFileReference; lastKnownFileType = sourcecode.swift; path = MealHeader.swift; sourceTree = "<group>"; };
		7CA535F197D82441688BA9B8 /* SchoolRepository.swift */ = {isa = PBXFileReference; lastKnownFileType = sourcecode.swift; path = SchoolRepository.swift; sourceTree = "<group>"; };
		8C9B35A38ECA7391A8E4B1A3 /* TimeforSchool.icon */ = {isa = PBXFileReference; path = TimeforSchool.icon; sourceTree = "<group>"; };
		90E33D83A6BED4DD302090DC /* SnapshotStorage.swift */ = {isa = PBXFileReference; lastKnownFileType = sourcecode.swift; path = SnapshotStorage.swift; sourceTree = "<group>"; };
		94C8A1331893741C5DA71DC6 /* MealWidgetView.swift */ = {isa = PBXFileReference; lastKnownFileType = sourcecode.swift; path = MealWidgetView.swift; sourceTree = "<group>"; };
		95069F5AA1EB813187782FDD /* MealTextCleaner.swift */ = {isa = PBXFileReference; lastKnownFileType = sourcecode.swift; path = MealTextCleaner.swift; sourceTree = "<group>"; };
		A306BD31C6680F8551A5A7AC /* DayHeader.swift */ = {isa = PBXFileReference; lastKnownFileType = sourcecode.swift; path = DayHeader.swift; sourceTree = "<group>"; };
		A45400F46802DBBF3119C55C /* DayIndicator.swift */ = {isa = PBXFileReference; lastKnownFileType = sourcecode.swift; path = DayIndicator.swift; sourceTree = "<group>"; };
		A7B8446554C370B15F4AC8C6 /* SchoolIdentity.swift */ = {isa = PBXFileReference; lastKnownFileType = sourcecode.swift; path = SchoolIdentity.swift; sourceTree = "<group>"; };
		A8314A3651DA432B0C90A254 /* TimeforSchoolTests.xctest */ = {isa = PBXFileReference; explicitFileType = wrapper.cfbundle; includeInIndex = 0; path = TimeforSchoolTests.xctest; sourceTree = BUILT_PRODUCTS_DIR; };
		AA96C3D9DDC6AC251599043A /* Lesson.swift */ = {isa = PBXFileReference; lastKnownFileType = sourcecode.swift; path = Lesson.swift; sourceTree = "<group>"; };
		AC76821B7EB63E640991EAFF /* SchoolLocale.swift */ = {isa = PBXFileReference; lastKnownFileType = sourcecode.swift; path = SchoolLocale.swift; sourceTree = "<group>"; };
		BB1C3EB84500654159FDF4B1 /* BellScheduleTests.swift */ = {isa = PBXFileReference; lastKnownFileType = sourcecode.swift; path = BellScheduleTests.swift; sourceTree = "<group>"; };
		BB748F5AF25C966F00E785CE /* MealsScreen.swift */ = {isa = PBXFileReference; lastKnownFileType = sourcecode.swift; path = MealsScreen.swift; sourceTree = "<group>"; };
		CB6ACDB0320A36FFA0B60A4D /* MealProvider.swift */ = {isa = PBXFileReference; lastKnownFileType = sourcecode.swift; path = MealProvider.swift; sourceTree = "<group>"; };
		CB862E7AA4501AE6757C8D47 /* TimeforSchoolWidgetBundle.swift */ = {isa = PBXFileReference; lastKnownFileType = sourcecode.swift; path = TimeforSchoolWidgetBundle.swift; sourceTree = "<group>"; };
		D47EA31647C2D1D2F2EE2A5D /* Meal.swift */ = {isa = PBXFileReference; lastKnownFileType = sourcecode.swift; path = Meal.swift; sourceTree = "<group>"; };
		DB028BFB25DBDF182C73350F /* APIErrorEnvelope.swift */ = {isa = PBXFileReference; lastKnownFileType = sourcecode.swift; path = APIErrorEnvelope.swift; sourceTree = "<group>"; };
		DD9B185B7B7ABA62885FBA55 /* TimeforSchoolWidgets.appex */ = {isa = PBXFileReference; explicitFileType = "wrapper.app-extension"; includeInIndex = 0; path = TimeforSchoolWidgets.appex; sourceTree = BUILT_PRODUCTS_DIR; };
		E04D4C41B50033DE8E049F5F /* MealPage.swift */ = {isa = PBXFileReference; lastKnownFileType = sourcecode.swift; path = MealPage.swift; sourceTree = "<group>"; };
		E2855B33288F2C317D5784E6 /* NextLessonEntry.swift */ = {isa = PBXFileReference; lastKnownFileType = sourcecode.swift; path = NextLessonEntry.swift; sourceTree = "<group>"; };
		E750F9B835B75827441A0C76 /* MealEntry.swift */ = {isa = PBXFileReference; lastKnownFileType = sourcecode.swift; path = MealEntry.swift; sourceTree = "<group>"; };
		E9151483151DBA9C482733CA /* RootView.swift */ = {isa = PBXFileReference; lastKnownFileType = sourcecode.swift; path = RootView.swift; sourceTree = "<group>"; };
		EB7E3092B0D4C50CFB5C28A3 /* AdvisoryMarks.swift */ = {isa = PBXFileReference; lastKnownFileType = sourcecode.swift; path = AdvisoryMarks.swift; sourceTree = "<group>"; };
		EBC7389201879B86164FFD06 /* NextLessonWidget.swift */ = {isa = PBXFileReference; lastKnownFileType = sourcecode.swift; path = NextLessonWidget.swift; sourceTree = "<group>"; };
		FD7375A0C495CEF4854981B9 /* ClockFormat.swift */ = {isa = PBXFileReference; lastKnownFileType = sourcecode.swift; path = ClockFormat.swift; sourceTree = "<group>"; };
		FDCCDA3EE0F36996F63192F0 /* Palette.swift */ = {isa = PBXFileReference; lastKnownFileType = sourcecode.swift; path = Palette.swift; sourceTree = "<group>"; };
/* End PBXFileReference section */

/* Begin PBXGroup section */
		090B3162D1248F1D025464DD /* Products */ = {
			isa = PBXGroup;
			children = (
				6B157C729D4D01A830A1E0A1 /* TimeforSchool.app */,
				A8314A3651DA432B0C90A254 /* TimeforSchoolTests.xctest */,
				DD9B185B7B7ABA62885FBA55 /* TimeforSchoolWidgets.appex */,
			);
			name = Products;
			sourceTree = "<group>";
		};
		0B0F668056D15EE0516DF705 /* Time */ = {
			isa = PBXGroup;
			children = (
				0C4BCC330EE2C1BA22BE0F16 /* BellSchedule.swift */,
				FD7375A0C495CEF4854981B9 /* ClockFormat.swift */,
				A45400F46802DBBF3119C55C /* DayIndicator.swift */,
				4716679A0A1544E74C10C29A /* SchoolClock.swift */,
				47C74FAE6E784C3D5981A7C2 /* SchoolSchedule.swift */,
			);
			path = Time;
			sourceTree = "<group>";
		};
		0BB67F3CC81972E55373BE9D /* Features */ = {
			isa = PBXGroup;
			children = (
				E2185BECD4B6FD4AADCFD1AD /* Meals */,
				4EB6F081C0816851D4FB59BA /* Shared */,
				8DFD1AE6C8972383CAE24192 /* Timetable */,
			);
			path = Features;
			sourceTree = "<group>";
		};
		21B82A88374B23EB789197D0 /* Networking */ = {
			isa = PBXGroup;
			children = (
				DB028BFB25DBDF182C73350F /* APIErrorEnvelope.swift */,
				55F0CFF7F9E6740702D9B9E5 /* MealDTO.swift */,
				95069F5AA1EB813187782FDD /* MealTextCleaner.swift */,
				50823030D7E8FF5193348BBD /* SchoolAPI.swift */,
				64338BD1749383E92C059C18 /* SchoolEndpoint.swift */,
				04CC78F9DA570C300422ECC5 /* TimetableDTO.swift */,
			);
			path = Networking;
			sourceTree = "<group>";
		};
		2FED532BC4AB12C202BA5341 /* TimeforSchool Watch App */ = {
			isa = PBXGroup;
			children = (
				F2AB59321B4C46D245A4DB8B /* App */,
				0BB67F3CC81972E55373BE9D /* Features */,
				B822ED88A8977DBA97618421 /* Resources */,
			);
			path = "TimeforSchool Watch App";
			sourceTree = "<group>";
		};
		3F4D71E76E190BAB540E843B /* Meals */ = {
			isa = PBXGroup;
			children = (
				E750F9B835B75827441A0C76 /* MealEntry.swift */,
				CB6ACDB0320A36FFA0B60A4D /* MealProvider.swift */,
				31F8040715BE0714668006B1 /* MealWidget.swift */,
				94C8A1331893741C5DA71DC6 /* MealWidgetView.swift */,
			);
			path = Meals;
			sourceTree = "<group>";
		};
		4EB6F081C0816851D4FB59BA /* Shared */ = {
			isa = PBXGroup;
			children = (
				EB7E3092B0D4C50CFB5C28A3 /* AdvisoryMarks.swift */,
			);
			path = Shared;
			sourceTree = "<group>";
		};
		79B0AEC5B1452F9318696935 /* Complication */ = {
			isa = PBXGroup;
			children = (
				E2855B33288F2C317D5784E6 /* NextLessonEntry.swift */,
				503D98E8F86198B45B0CE72D /* NextLessonProvider.swift */,
				355AC1DEDB865C077E13B2E4 /* NextLessonView.swift */,
				EBC7389201879B86164FFD06 /* NextLessonWidget.swift */,
			);
			path = Complication;
			sourceTree = "<group>";
		};
		8DFD1AE6C8972383CAE24192 /* Timetable */ = {
			isa = PBXGroup;
			children = (
				A306BD31C6680F8551A5A7AC /* DayHeader.swift */,
				03ECCDAE1A46C462304A0078 /* LessonRow.swift */,
				21BEAF28023BBD35C6A39A87 /* NowMarkers.swift */,
				4CE870852408B805E268A8F6 /* TimetableElement.swift */,
				7919AACD95B74408027BB087 /* TimetableEmptyState.swift */,
				62DC07D5C6EBE30882EB9BB6 /* TimetableList.swift */,
				4835C74160CC3241201753D7 /* TimetableScreen.swift */,
			);
			path = Timetable;
			sourceTree = "<group>";
		};
		B39819F4593627ED967BD866 = {
			isa = PBXGroup;
			children = (
				F25DA2460A2137A5D50C02D0 /* Shared */,
				2FED532BC4AB12C202BA5341 /* TimeforSchool Watch App */,
				C640FD765BA3CAFD21CCED36 /* TimeforSchoolTests */,
				F21D7FBB4F502EF918E22CFA /* TimeforSchoolWidgets */,
				090B3162D1248F1D025464DD /* Products */,
			);
			sourceTree = "<group>";
		};
		B822ED88A8977DBA97618421 /* Resources */ = {
			isa = PBXGroup;
			children = (
				11F00F8E82436941EBCA94A9 /* Assets.xcassets */,
				8C9B35A38ECA7391A8E4B1A3 /* TimeforSchool.icon */,
			);
			path = Resources;
			sourceTree = "<group>";
		};
		C640FD765BA3CAFD21CCED36 /* TimeforSchoolTests */ = {
			isa = PBXGroup;
			children = (
				BB1C3EB84500654159FDF4B1 /* BellScheduleTests.swift */,
				388BD1CC5008C31F74DD4C9E /* MealPresentationTests.swift */,
				4BCD7633B68E20D710099098 /* TimetableScrollTargetTests.swift */,
			);
			path = TimeforSchoolTests;
			sourceTree = "<group>";
		};
		D61462AD0FCE4C7ED15F20B6 /* Design */ = {
			isa = PBXGroup;
			children = (
				71C8087D10251D7384F2E7F0 /* Metrics.swift */,
				FDCCDA3EE0F36996F63192F0 /* Palette.swift */,
				180945E8C8C0E39C0ACBD9C0 /* Typography.swift */,
			);
			path = Design;
			sourceTree = "<group>";
		};
		E2185BECD4B6FD4AADCFD1AD /* Meals */ = {
			isa = PBXGroup;
			children = (
				7C2079D183F2D3AA565370F6 /* MealHeader.swift */,
				E04D4C41B50033DE8E049F5F /* MealPage.swift */,
				BB748F5AF25C966F00E785CE /* MealsScreen.swift */,
			);
			path = Meals;
			sourceTree = "<group>";
		};
		E521F2148D2F92285CC65424 /* Cache */ = {
			isa = PBXGroup;
			children = (
				7CA535F197D82441688BA9B8 /* SchoolRepository.swift */,
				33A9E573F01BD081A961ED2C /* Snapshots.swift */,
				90E33D83A6BED4DD302090DC /* SnapshotStorage.swift */,
			);
			path = Cache;
			sourceTree = "<group>";
		};
		E8D7F5D5A87AFCF40DD37C0B /* Resources */ = {
			isa = PBXGroup;
			children = (
				2A1DD91B7246EC3BCA98FB29 /* Assets.xcassets */,
			);
			path = Resources;
			sourceTree = "<group>";
		};
		F21D7FBB4F502EF918E22CFA /* TimeforSchoolWidgets */ = {
			isa = PBXGroup;
			children = (
				79B0AEC5B1452F9318696935 /* Complication */,
				3F4D71E76E190BAB540E843B /* Meals */,
				E8D7F5D5A87AFCF40DD37C0B /* Resources */,
				CB862E7AA4501AE6757C8D47 /* TimeforSchoolWidgetBundle.swift */,
			);
			path = TimeforSchoolWidgets;
			sourceTree = "<group>";
		};
		F25DA2460A2137A5D50C02D0 /* Shared */ = {
			isa = PBXGroup;
			children = (
				E521F2148D2F92285CC65424 /* Cache */,
				D61462AD0FCE4C7ED15F20B6 /* Design */,
				FEEEF9BDCDCA0113EB6588DD /* Model */,
				21B82A88374B23EB789197D0 /* Networking */,
				0B0F668056D15EE0516DF705 /* Time */,
			);
			path = Shared;
			sourceTree = "<group>";
		};
		F2AB59321B4C46D245A4DB8B /* App */ = {
			isa = PBXGroup;
			children = (
				E9151483151DBA9C482733CA /* RootView.swift */,
				4BD5E333AC386606434CDA0D /* SchoolStore.swift */,
				2C84393891CF144640514730 /* TimeforSchoolApp.swift */,
			);
			path = App;
			sourceTree = "<group>";
		};
		FEEEF9BDCDCA0113EB6588DD /* Model */ = {
			isa = PBXGroup;
			children = (
				52107D962D8D7345EE96594D /* DeepLink.swift */,
				AA96C3D9DDC6AC251599043A /* Lesson.swift */,
				D47EA31647C2D1D2F2EE2A5D /* Meal.swift */,
				348C35E5AC1D5D051EDD42B6 /* MealServiceCalendar.swift */,
				5FBDDAE8F3C34D902AA8A8B2 /* SchoolDate.swift */,
				A7B8446554C370B15F4AC8C6 /* SchoolIdentity.swift */,
				AC76821B7EB63E640991EAFF /* SchoolLocale.swift */,
				4FF7BEB23B27DBBAFFE9B5F1 /* SchoolWeek.swift */,
			);
			path = Model;
			sourceTree = "<group>";
		};
/* End PBXGroup section */

/* Begin PBXNativeTarget section */
		3E59E3E0DE89FC83C1EAEFE0 /* TimeforSchool */ = {
			isa = PBXNativeTarget;
			buildConfigurationList = B5B677B198A361BD942C4AA3 /* Build configuration list for PBXNativeTarget "TimeforSchool" */;
			buildPhases = (
				5A36E054EEA554B9E3B7C44F /* Sources */,
				C3EEC549DF97C3DF6CE77F98 /* Resources */,
				9AF11846C2C8EB9FCE6100F8 /* Embed Foundation Extensions */,
			);
			buildRules = (
			);
			dependencies = (
				9B99EB4BE27E1F76BE5FFE77 /* PBXTargetDependency */,
			);
			name = TimeforSchool;
			packageProductDependencies = (
			);
			productName = TimeforSchool;
			productReference = 6B157C729D4D01A830A1E0A1 /* TimeforSchool.app */;
			productType = "com.apple.product-type.application";
		};
		8A7A05033A2AC497F3611B8C /* TimeforSchoolWidgets */ = {
			isa = PBXNativeTarget;
			buildConfigurationList = A472029E2E864B4696F45E5B /* Build configuration list for PBXNativeTarget "TimeforSchoolWidgets" */;
			buildPhases = (
				E8B0D1E8D5D4958711D884CB /* Sources */,
				818464A2088B11CD628220A6 /* Resources */,
			);
			buildRules = (
			);
			dependencies = (
			);
			name = TimeforSchoolWidgets;
			packageProductDependencies = (
			);
			productName = TimeforSchoolWidgets;
			productReference = DD9B185B7B7ABA62885FBA55 /* TimeforSchoolWidgets.appex */;
			productType = "com.apple.product-type.app-extension";
		};
		BCD69C0B550C951141352A08 /* TimeforSchoolTests */ = {
			isa = PBXNativeTarget;
			buildConfigurationList = 5DB039C2E4F3BF3E79C6F831 /* Build configuration list for PBXNativeTarget "TimeforSchoolTests" */;
			buildPhases = (
				26611A39726CAD4D06A783A1 /* Sources */,
			);
			buildRules = (
			);
			dependencies = (
				7A0E570742CA5C48559D3EF0 /* PBXTargetDependency */,
			);
			name = TimeforSchoolTests;
			packageProductDependencies = (
			);
			productName = TimeforSchoolTests;
			productReference = A8314A3651DA432B0C90A254 /* TimeforSchoolTests.xctest */;
			productType = "com.apple.product-type.bundle.unit-test";
		};
/* End PBXNativeTarget section */

/* Begin PBXProject section */
		2C33270496C535DA91C7CB38 /* Project object */ = {
			isa = PBXProject;
			attributes = {
				BuildIndependentTargetsInParallel = YES;
				LastUpgradeCheck = 1430;
				TargetAttributes = {
					3E59E3E0DE89FC83C1EAEFE0 = {
						DevelopmentTeam = "";
						ProvisioningStyle = Automatic;
					};
					8A7A05033A2AC497F3611B8C = {
						DevelopmentTeam = "";
						ProvisioningStyle = Automatic;
					};
					BCD69C0B550C951141352A08 = {
						DevelopmentTeam = "";
						ProvisioningStyle = Automatic;
					};
				};
			};
			buildConfigurationList = 1199CF9583112A9E4B3D32AA /* Build configuration list for PBXProject "TimeforSchool" */;
			compatibilityVersion = "Xcode 14.0";
			developmentRegion = en;
			hasScannedForEncodings = 0;
			knownRegions = (
				Base,
				en,
			);
			mainGroup = B39819F4593627ED967BD866;
			minimizedProjectReferenceProxies = 1;
			preferredProjectObjectVersion = 77;
			projectDirPath = "";
			projectRoot = "";
			targets = (
				3E59E3E0DE89FC83C1EAEFE0 /* TimeforSchool */,
				BCD69C0B550C951141352A08 /* TimeforSchoolTests */,
				8A7A05033A2AC497F3611B8C /* TimeforSchoolWidgets */,
			);
		};
/* End PBXProject section */

/* Begin PBXResourcesBuildPhase section */
		818464A2088B11CD628220A6 /* Resources */ = {
			isa = PBXResourcesBuildPhase;
			buildActionMask = 2147483647;
			files = (
				B57DD1E6CD8DF9988C76E8A8 /* Assets.xcassets in Resources */,
			);
			runOnlyForDeploymentPostprocessing = 0;
		};
		C3EEC549DF97C3DF6CE77F98 /* Resources */ = {
			isa = PBXResourcesBuildPhase;
			buildActionMask = 2147483647;
			files = (
				03DFD2C12018575F320766DA /* Assets.xcassets in Resources */,
				E9BC022AA195F535D23556D7 /* TimeforSchool.icon in Resources */,
			);
			runOnlyForDeploymentPostprocessing = 0;
		};
/* End PBXResourcesBuildPhase section */

/* Begin PBXSourcesBuildPhase section */
		26611A39726CAD4D06A783A1 /* Sources */ = {
			isa = PBXSourcesBuildPhase;
			buildActionMask = 2147483647;
			files = (
				FED0851531F5F79CD2ECA18D /* BellScheduleTests.swift in Sources */,
				957685099D2DD32A7719BA84 /* MealPresentationTests.swift in Sources */,
				C0699DA76EC937EA3711C402 /* TimetableScrollTargetTests.swift in Sources */,
			);
			runOnlyForDeploymentPostprocessing = 0;
		};
		5A36E054EEA554B9E3B7C44F /* Sources */ = {
			isa = PBXSourcesBuildPhase;
			buildActionMask = 2147483647;
			files = (
				AE022AD59D67906341ED9FB9 /* APIErrorEnvelope.swift in Sources */,
				EBAB5E47CAB70B862BF270F3 /* AdvisoryMarks.swift in Sources */,
				C3A107AEF47C1B9A645CB06C /* BellSchedule.swift in Sources */,
				543FCACF3F0B43894CA9BA85 /* ClockFormat.swift in Sources */,
				A212A0593B84C88B4D6962DC /* DayHeader.swift in Sources */,
				62505200905387DE746B96BA /* DayIndicator.swift in Sources */,
				8D99C1785E3C15675C0140DB /* DeepLink.swift in Sources */,
				1D33C0B75CDD40C4DB5862BF /* Lesson.swift in Sources */,
				82AC25BD66F7F7F18C6FB74F /* LessonRow.swift in Sources */,
				5E4FF4E25189452837915FC8 /* Meal.swift in Sources */,
				256CBE8212E9C6C30CB6B592 /* MealDTO.swift in Sources */,
				A590C635FD99DDAEC4C04CA9 /* MealHeader.swift in Sources */,
				BE28E57A0DA6EB2BDC657E54 /* MealPage.swift in Sources */,
				3E5ABE6EA4C6D9A0CB23CE16 /* MealServiceCalendar.swift in Sources */,
				645913C4077E2486F608E06B /* MealTextCleaner.swift in Sources */,
				38C3887084E504B0331D1FCA /* MealsScreen.swift in Sources */,
				0E4483A6C60E43E060CB5300 /* Metrics.swift in Sources */,
				88576BED735D508F54445006 /* NowMarkers.swift in Sources */,
				A0A5E9E80B9A954BA373BEC9 /* Palette.swift in Sources */,
				351DD99759466B346B796D35 /* RootView.swift in Sources */,
				8A27F966A1F4732391E523B1 /* SchoolAPI.swift in Sources */,
				CA0126A49D433CEE152B768C /* SchoolClock.swift in Sources */,
				C5E0E8B18A9A9CA2FC500AC0 /* SchoolDate.swift in Sources */,
				C543F8664AD61BDFFDDC2C0E /* SchoolEndpoint.swift in Sources */,
				98125B8E78ABEB40F6DE5C8A /* SchoolIdentity.swift in Sources */,
				5F31F3115E6B0AE26354C850 /* SchoolLocale.swift in Sources */,
				02F6763C7A9F63E989B47870 /* SchoolRepository.swift in Sources */,
				C939C681869421B17FD30A90 /* SchoolSchedule.swift in Sources */,
				51F66143B6A1687226D97DF6 /* SchoolStore.swift in Sources */,
				FBF7F2248F6AFB346D1A8BAD /* SchoolWeek.swift in Sources */,
				7224CF2B023504823C07950D /* SnapshotStorage.swift in Sources */,
				2F5C49DE0F2EB70F74C35B34 /* Snapshots.swift in Sources */,
				E6EB06526F86E141CDD30387 /* TimeforSchoolApp.swift in Sources */,
				53EA1B826B38625EFD70B109 /* TimetableDTO.swift in Sources */,
				44900FE4D039F79D1AF0CD43 /* TimetableElement.swift in Sources */,
				7128BD83DF5E05C4FC8818DA /* TimetableEmptyState.swift in Sources */,
				E37378177C3E889596DED8AF /* TimetableList.swift in Sources */,
				35BDC8DFA96D73FAC76C07B2 /* TimetableScreen.swift in Sources */,
				4DAFB5E8DBCFE638427E9452 /* Typography.swift in Sources */,
			);
			runOnlyForDeploymentPostprocessing = 0;
		};
		E8B0D1E8D5D4958711D884CB /* Sources */ = {
			isa = PBXSourcesBuildPhase;
			buildActionMask = 2147483647;
			files = (
				D97D5809197132BECD036445 /* APIErrorEnvelope.swift in Sources */,
				3FCBBE89484F1C0DFDE9755C /* BellSchedule.swift in Sources */,
				065400C6834E435E60E72F92 /* ClockFormat.swift in Sources */,
				409E92AD40605C0E1F3CC13C /* DayIndicator.swift in Sources */,
				203FCE1521201CA3313326BB /* DeepLink.swift in Sources */,
				5E5201858B6CBCD05DC30AAB /* Lesson.swift in Sources */,
				3508778DDBD624B536A2D80E /* Meal.swift in Sources */,
				362AF8CDB8C86D250942DF86 /* MealDTO.swift in Sources */,
				CCB946F22B890DB0C6E62986 /* MealEntry.swift in Sources */,
				1B784FAC60EA215C90E48DE9 /* MealProvider.swift in Sources */,
				01B7DED102764DB88E44CE82 /* MealServiceCalendar.swift in Sources */,
				003C9A3D8089003E342A1191 /* MealTextCleaner.swift in Sources */,
				41779272C8EF958B8FE14FE7 /* MealWidget.swift in Sources */,
				C176AAA1F0FB74D06B6748B3 /* MealWidgetView.swift in Sources */,
				C67D87452514889E8A0FDD60 /* Metrics.swift in Sources */,
				9FC109A3AD1BAADAAF637E96 /* NextLessonEntry.swift in Sources */,
				ACB68C60E563F589443F6860 /* NextLessonProvider.swift in Sources */,
				8FB517256C930199FA37D6DF /* NextLessonView.swift in Sources */,
				4128952EFB3E31CF8267ABA0 /* NextLessonWidget.swift in Sources */,
				33D38BF6C3D1092A0C8C90D2 /* Palette.swift in Sources */,
				9E5549FFE951EA3EC1EB9BEC /* SchoolAPI.swift in Sources */,
				9D11A381740056B641BD36BD /* SchoolClock.swift in Sources */,
				04095448E61BAF6266A77B71 /* SchoolDate.swift in Sources */,
				00F372B9E18891A954A570D4 /* SchoolEndpoint.swift in Sources */,
				01F3892436654810DA57CB55 /* SchoolIdentity.swift in Sources */,
				14F5236550F98BC1E063BE99 /* SchoolLocale.swift in Sources */,
				CCC8FA8CC6B377056B608D9D /* SchoolRepository.swift in Sources */,
				CDA0E5DBD80A7CD2E3807A3D /* SchoolSchedule.swift in Sources */,
				50015739B843ED6A554852DA /* SchoolWeek.swift in Sources */,
				A70402F1F2756FFD27706E46 /* SnapshotStorage.swift in Sources */,
				D10DFE36F7EEC9F4E75DE294 /* Snapshots.swift in Sources */,
				F85873EC1058FE0F4FE5EFA0 /* TimeforSchoolWidgetBundle.swift in Sources */,
				0D4961AC9EB5251C28AD4CDA /* TimetableDTO.swift in Sources */,
				E0AFBD9D520ADFE513757A92 /* Typography.swift in Sources */,
			);
			runOnlyForDeploymentPostprocessing = 0;
		};
/* End PBXSourcesBuildPhase section */

/* Begin PBXTargetDependency section */
		7A0E570742CA5C48559D3EF0 /* PBXTargetDependency */ = {
			isa = PBXTargetDependency;
			target = 3E59E3E0DE89FC83C1EAEFE0 /* TimeforSchool */;
			targetProxy = 6F52ADD027871559F9FAD4DB /* PBXContainerItemProxy */;
		};
		9B99EB4BE27E1F76BE5FFE77 /* PBXTargetDependency */ = {
			isa = PBXTargetDependency;
			target = 8A7A05033A2AC497F3611B8C /* TimeforSchoolWidgets */;
			targetProxy = 7D47FAF7F6038AB689CFEC16 /* PBXContainerItemProxy */;
		};
/* End PBXTargetDependency section */

/* Begin XCBuildConfiguration section */
		0E4D954EBD42538770AE5BF3 /* Debug */ = {
			isa = XCBuildConfiguration;
			buildSettings = {
				BUNDLE_LOADER = "$(TEST_HOST)";
				GENERATE_INFOPLIST_FILE = YES;
				LD_RUNPATH_SEARCH_PATHS = (
					"$(inherited)",
					"@executable_path/Frameworks",
					"@loader_path/Frameworks",
				);
				PRODUCT_BUNDLE_IDENTIFIER = school.timefor.watch.TimeforSchoolTests;
				SDKROOT = watchos;
				SKIP_INSTALL = YES;
				TARGETED_DEVICE_FAMILY = 4;
				TEST_HOST = "$(BUILT_PRODUCTS_DIR)/TimeforSchool.app/TimeforSchool";
			};
			name = Debug;
		};
		342EBFBB1EFA4BE6A044D89A /* Release */ = {
			isa = XCBuildConfiguration;
			buildSettings = {
				BUNDLE_LOADER = "$(TEST_HOST)";
				GENERATE_INFOPLIST_FILE = YES;
				LD_RUNPATH_SEARCH_PATHS = (
					"$(inherited)",
					"@executable_path/Frameworks",
					"@loader_path/Frameworks",
				);
				PRODUCT_BUNDLE_IDENTIFIER = school.timefor.watch.TimeforSchoolTests;
				SDKROOT = watchos;
				SKIP_INSTALL = YES;
				TARGETED_DEVICE_FAMILY = 4;
				TEST_HOST = "$(BUILT_PRODUCTS_DIR)/TimeforSchool.app/TimeforSchool";
			};
			name = Release;
		};
		543711E9CFFF337490899033 /* Release */ = {
			isa = XCBuildConfiguration;
			buildSettings = {
				ALWAYS_SEARCH_USER_PATHS = NO;
				ASSETCATALOG_COMPILER_GENERATE_ASSET_SYMBOLS = YES;
				CLANG_ANALYZER_NONNULL = YES;
				CLANG_ANALYZER_NUMBER_OBJECT_CONVERSION = YES_AGGRESSIVE;
				CLANG_CXX_LANGUAGE_STANDARD = "gnu++14";
				CLANG_CXX_LIBRARY = "libc++";
				CLANG_ENABLE_MODULES = YES;
				CLANG_ENABLE_OBJC_ARC = YES;
				CLANG_ENABLE_OBJC_WEAK = YES;
				CLANG_WARN_BLOCK_CAPTURE_AUTORELEASING = YES;
				CLANG_WARN_BOOL_CONVERSION = YES;
				CLANG_WARN_COMMA = YES;
				CLANG_WARN_CONSTANT_CONVERSION = YES;
				CLANG_WARN_DEPRECATED_OBJC_IMPLEMENTATIONS = YES;
				CLANG_WARN_DIRECT_OBJC_ISA_USAGE = YES_ERROR;
				CLANG_WARN_DOCUMENTATION_COMMENTS = YES;
				CLANG_WARN_EMPTY_BODY = YES;
				CLANG_WARN_ENUM_CONVERSION = YES;
				CLANG_WARN_INFINITE_RECURSION = YES;
				CLANG_WARN_INT_CONVERSION = YES;
				CLANG_WARN_NON_LITERAL_NULL_CONVERSION = YES;
				CLANG_WARN_OBJC_IMPLICIT_RETAIN_SELF = YES;
				CLANG_WARN_OBJC_LITERAL_CONVERSION = YES;
				CLANG_WARN_OBJC_ROOT_CLASS = YES_ERROR;
				CLANG_WARN_QUOTED_INCLUDE_IN_FRAMEWORK_HEADER = YES;
				CLANG_WARN_RANGE_LOOP_ANALYSIS = YES;
				CLANG_WARN_STRICT_PROTOTYPES = YES;
				CLANG_WARN_SUSPICIOUS_MOVE = YES;
				CLANG_WARN_UNGUARDED_AVAILABILITY = YES_AGGRESSIVE;
				CLANG_WARN_UNREACHABLE_CODE = YES;
				CLANG_WARN__DUPLICATE_METHOD_MATCH = YES;
				CODE_SIGN_STYLE = Automatic;
				COPY_PHASE_STRIP = NO;
				DEAD_CODE_STRIPPING = YES;
				DEBUG_INFORMATION_FORMAT = "dwarf-with-dsym";
				DEVELOPMENT_TEAM = "";
				ENABLE_NS_ASSERTIONS = NO;
				ENABLE_STRICT_OBJC_MSGSEND = YES;
				ENABLE_USER_SCRIPT_SANDBOXING = YES;
				GCC_C_LANGUAGE_STANDARD = gnu11;
				GCC_NO_COMMON_BLOCKS = YES;
				GCC_WARN_64_TO_32_BIT_CONVERSION = YES;
				GCC_WARN_ABOUT_RETURN_TYPE = YES_ERROR;
				GCC_WARN_UNDECLARED_SELECTOR = YES;
				GCC_WARN_UNINITIALIZED_AUTOS = YES_AGGRESSIVE;
				GCC_WARN_UNUSED_FUNCTION = YES;
				GCC_WARN_UNUSED_VARIABLE = YES;
				MTL_ENABLE_DEBUG_INFO = NO;
				MTL_FAST_MATH = YES;
				PRODUCT_NAME = "$(TARGET_NAME)";
				SDKROOT = watchos;
				SWIFT_APPROACHABLE_CONCURRENCY = YES;
				SWIFT_COMPILATION_MODE = wholemodule;
				SWIFT_EMIT_LOC_STRINGS = YES;
				SWIFT_OPTIMIZATION_LEVEL = "-O";
				SWIFT_VERSION = 6.0;
				WATCHOS_DEPLOYMENT_TARGET = 27.0;
			};
			name = Release;
		};
		778672314AFA9AFCC779BE23 /* Debug */ = {
			isa = XCBuildConfiguration;
			buildSettings = {
				ASSETCATALOG_COMPILER_GLOBAL_ACCENT_COLOR_NAME = AccentColor;
				ASSETCATALOG_COMPILER_WIDGET_BACKGROUND_COLOR_NAME = WidgetBackground;
				CODE_SIGN_ENTITLEMENTS = TimeforSchoolWidgets/Resources/TimeforSchoolWidgets.entitlements;
				CURRENT_PROJECT_VERSION = 1;
				INFOPLIST_FILE = TimeforSchoolWidgets/Resources/Info.plist;
				LD_RUNPATH_SEARCH_PATHS = (
					"$(inherited)",
					"@executable_path/Frameworks",
					"@executable_path/../../Frameworks",
				);
				MARKETING_VERSION = 1.0;
				PRODUCT_BUNDLE_IDENTIFIER = school.timefor.watch.widgets;
				PRODUCT_NAME = TimeforSchoolWidgets;
				SDKROOT = watchos;
				SKIP_INSTALL = YES;
				TARGETED_DEVICE_FAMILY = 4;
			};
			name = Debug;
		};
		B37003F8702FE6308A778139 /* Release */ = {
			isa = XCBuildConfiguration;
			buildSettings = {
				ASSETCATALOG_COMPILER_GLOBAL_ACCENT_COLOR_NAME = AccentColor;
				ASSETCATALOG_COMPILER_WIDGET_BACKGROUND_COLOR_NAME = WidgetBackground;
				CODE_SIGN_ENTITLEMENTS = TimeforSchoolWidgets/Resources/TimeforSchoolWidgets.entitlements;
				CURRENT_PROJECT_VERSION = 1;
				INFOPLIST_FILE = TimeforSchoolWidgets/Resources/Info.plist;
				LD_RUNPATH_SEARCH_PATHS = (
					"$(inherited)",
					"@executable_path/Frameworks",
					"@executable_path/../../Frameworks",
				);
				MARKETING_VERSION = 1.0;
				PRODUCT_BUNDLE_IDENTIFIER = school.timefor.watch.widgets;
				PRODUCT_NAME = TimeforSchoolWidgets;
				SDKROOT = watchos;
				SKIP_INSTALL = YES;
				TARGETED_DEVICE_FAMILY = 4;
			};
			name = Release;
		};
		CA4438E5286D10B0D6E4D1F7 /* Release */ = {
			isa = XCBuildConfiguration;
			buildSettings = {
				ASSETCATALOG_COMPILER_APPICON_NAME = TimeforSchool;
				ASSETCATALOG_COMPILER_GLOBAL_ACCENT_COLOR_NAME = AccentColor;
				CODE_SIGN_ENTITLEMENTS = "TimeforSchool Watch App/Resources/TimeforSchool.entitlements";
				CURRENT_PROJECT_VERSION = 1;
				INFOPLIST_FILE = "TimeforSchool Watch App/Resources/Info.plist";
				MARKETING_VERSION = 1.0;
				PRODUCT_BUNDLE_IDENTIFIER = school.timefor.watch;
				PRODUCT_NAME = TimeforSchool;
				SDKROOT = watchos;
				SKIP_INSTALL = YES;
				TARGETED_DEVICE_FAMILY = 4;
			};
			name = Release;
		};
		DB34053948CB06E140D0DD83 /* Debug */ = {
			isa = XCBuildConfiguration;
			buildSettings = {
				ALWAYS_SEARCH_USER_PATHS = NO;
				ASSETCATALOG_COMPILER_GENERATE_ASSET_SYMBOLS = YES;
				CLANG_ANALYZER_NONNULL = YES;
				CLANG_ANALYZER_NUMBER_OBJECT_CONVERSION = YES_AGGRESSIVE;
				CLANG_CXX_LANGUAGE_STANDARD = "gnu++14";
				CLANG_CXX_LIBRARY = "libc++";
				CLANG_ENABLE_MODULES = YES;
				CLANG_ENABLE_OBJC_ARC = YES;
				CLANG_ENABLE_OBJC_WEAK = YES;
				CLANG_WARN_BLOCK_CAPTURE_AUTORELEASING = YES;
				CLANG_WARN_BOOL_CONVERSION = YES;
				CLANG_WARN_COMMA = YES;
				CLANG_WARN_CONSTANT_CONVERSION = YES;
				CLANG_WARN_DEPRECATED_OBJC_IMPLEMENTATIONS = YES;
				CLANG_WARN_DIRECT_OBJC_ISA_USAGE = YES_ERROR;
				CLANG_WARN_DOCUMENTATION_COMMENTS = YES;
				CLANG_WARN_EMPTY_BODY = YES;
				CLANG_WARN_ENUM_CONVERSION = YES;
				CLANG_WARN_INFINITE_RECURSION = YES;
				CLANG_WARN_INT_CONVERSION = YES;
				CLANG_WARN_NON_LITERAL_NULL_CONVERSION = YES;
				CLANG_WARN_OBJC_IMPLICIT_RETAIN_SELF = YES;
				CLANG_WARN_OBJC_LITERAL_CONVERSION = YES;
				CLANG_WARN_OBJC_ROOT_CLASS = YES_ERROR;
				CLANG_WARN_QUOTED_INCLUDE_IN_FRAMEWORK_HEADER = YES;
				CLANG_WARN_RANGE_LOOP_ANALYSIS = YES;
				CLANG_WARN_STRICT_PROTOTYPES = YES;
				CLANG_WARN_SUSPICIOUS_MOVE = YES;
				CLANG_WARN_UNGUARDED_AVAILABILITY = YES_AGGRESSIVE;
				CLANG_WARN_UNREACHABLE_CODE = YES;
				CLANG_WARN__DUPLICATE_METHOD_MATCH = YES;
				CODE_SIGN_STYLE = Automatic;
				COPY_PHASE_STRIP = NO;
				DEAD_CODE_STRIPPING = YES;
				DEBUG_INFORMATION_FORMAT = dwarf;
				DEVELOPMENT_TEAM = "";
				ENABLE_STRICT_OBJC_MSGSEND = YES;
				ENABLE_TESTABILITY = YES;
				ENABLE_USER_SCRIPT_SANDBOXING = YES;
				GCC_C_LANGUAGE_STANDARD = gnu11;
				GCC_DYNAMIC_NO_PIC = NO;
				GCC_NO_COMMON_BLOCKS = YES;
				GCC_OPTIMIZATION_LEVEL = 0;
				GCC_PREPROCESSOR_DEFINITIONS = (
					"$(inherited)",
					"DEBUG=1",
				);
				GCC_WARN_64_TO_32_BIT_CONVERSION = YES;
				GCC_WARN_ABOUT_RETURN_TYPE = YES_ERROR;
				GCC_WARN_UNDECLARED_SELECTOR = YES;
				GCC_WARN_UNINITIALIZED_AUTOS = YES_AGGRESSIVE;
				GCC_WARN_UNUSED_FUNCTION = YES;
				GCC_WARN_UNUSED_VARIABLE = YES;
				MTL_ENABLE_DEBUG_INFO = INCLUDE_SOURCE;
				MTL_FAST_MATH = YES;
				ONLY_ACTIVE_ARCH = YES;
				PRODUCT_NAME = "$(TARGET_NAME)";
				SDKROOT = watchos;
				SWIFT_ACTIVE_COMPILATION_CONDITIONS = DEBUG;
				SWIFT_APPROACHABLE_CONCURRENCY = YES;
				SWIFT_EMIT_LOC_STRINGS = YES;
				SWIFT_OPTIMIZATION_LEVEL = "-Onone";
				SWIFT_VERSION = 6.0;
				WATCHOS_DEPLOYMENT_TARGET = 27.0;
			};
			name = Debug;
		};
		E8641FA522185DFF967CB0D8 /* Debug */ = {
			isa = XCBuildConfiguration;
			buildSettings = {
				ASSETCATALOG_COMPILER_APPICON_NAME = TimeforSchool;
				ASSETCATALOG_COMPILER_GLOBAL_ACCENT_COLOR_NAME = AccentColor;
				CODE_SIGN_ENTITLEMENTS = "TimeforSchool Watch App/Resources/TimeforSchool.entitlements";
				CURRENT_PROJECT_VERSION = 1;
				INFOPLIST_FILE = "TimeforSchool Watch App/Resources/Info.plist";
				MARKETING_VERSION = 1.0;
				PRODUCT_BUNDLE_IDENTIFIER = school.timefor.watch;
				PRODUCT_NAME = TimeforSchool;
				SDKROOT = watchos;
				SKIP_INSTALL = YES;
				TARGETED_DEVICE_FAMILY = 4;
			};
			name = Debug;
		};
/* End XCBuildConfiguration section */

/* Begin XCConfigurationList section */
		1199CF9583112A9E4B3D32AA /* Build configuration list for PBXProject "TimeforSchool" */ = {
			isa = XCConfigurationList;
			buildConfigurations = (
				DB34053948CB06E140D0DD83 /* Debug */,
				543711E9CFFF337490899033 /* Release */,
			);
			defaultConfigurationIsVisible = 0;
			defaultConfigurationName = Debug;
		};
		5DB039C2E4F3BF3E79C6F831 /* Build configuration list for PBXNativeTarget "TimeforSchoolTests" */ = {
			isa = XCConfigurationList;
			buildConfigurations = (
				0E4D954EBD42538770AE5BF3 /* Debug */,
				342EBFBB1EFA4BE6A044D89A /* Release */,
			);
			defaultConfigurationIsVisible = 0;
			defaultConfigurationName = Debug;
		};
		A472029E2E864B4696F45E5B /* Build configuration list for PBXNativeTarget "TimeforSchoolWidgets" */ = {
			isa = XCConfigurationList;
			buildConfigurations = (
				778672314AFA9AFCC779BE23 /* Debug */,
				B37003F8702FE6308A778139 /* Release */,
			);
			defaultConfigurationIsVisible = 0;
			defaultConfigurationName = Debug;
		};
		B5B677B198A361BD942C4AA3 /* Build configuration list for PBXNativeTarget "TimeforSchool" */ = {
			isa = XCConfigurationList;
			buildConfigurations = (
				E8641FA522185DFF967CB0D8 /* Debug */,
				CA4438E5286D10B0D6E4D1F7 /* Release */,
			);
			defaultConfigurationIsVisible = 0;
			defaultConfigurationName = Debug;
		};
/* End XCConfigurationList section */
	};
	rootObject = 2C33270496C535DA91C7CB38 /* Project object */;
}
